// !$*UTF8*$!
{
	archiveVersion = 1;
	classes = {
	};
	objectVersion = 46;
	objects = {

/* Begin PBXBuildFile section */
		E18A552D15B657A8009B2848 /* GraphView.m in Sources */ = {isa = PBXBuildFile; fileRef = E18A552C15B657A8009B2848 /* GraphView.m */; };
		E18A552F15B6704F009B2848 /* AxesDrawer.m in Sources */ = {isa = PBXBuildFile; fileRef = E18A552415B517E2009B2848 /* AxesDrawer.m */; };
		E18EE3FD15B1334A006201C2 /* GraphViewController.m in Sources */ = {isa = PBXBuildFile; fileRef = E18EE3FC15B13349006201C2 /* GraphViewController.m */; };
		E1C82F47159EAF2200445D31 /* UIKit.framework in Frameworks */ = {isa = PBXBuildFile; fileRef = E1C82F46159EAF2200445D31 /* UIKit.framework */; };
		E1C82F49159EAF2200445D31 /* Foundation.framework in Frameworks */ = {isa = PBXBuildFile; fileRef = E1C82F48159EAF2200445D31 /* Foundation.framework */; };
		E1C82F4B159EAF2200445D31 /* CoreGraphics.framework in Frameworks */ = {isa = PBXBuildFile; fileRef = E1C82F4A159EAF2200445D31 /* CoreGraphics.framework */; };
		E1C82F51159EAF2200445D31 /* InfoPlist.strings in Resources */ = {isa = PBXBuildFile; fileRef = E1C82F4F159EAF2200445D31 /* InfoPlist.strings */; };
		E1C82F53159EAF2200445D31 /* main.m in Sources */ = {isa = PBXBuildFile; fileRef = E1C82F52159EAF2200445D31 /* main.m */; };
		E1C82F57159EAF2200445D31 /* CalculatorAppDelegate.m in Sources */ = {isa = PBXBuildFile; fileRef = E1C82F56159EAF2200445D31 /* CalculatorAppDelegate.m */; };
		E1C82F5A159EAF2200445D31 /* MainStoryboard.storyboard in Resources */ = {isa = PBXBuildFile; fileRef = E1C82F58159EAF2200445D31 /* MainStoryboard.storyboard */; };
		E1C82F5D159EAF2200445D31 /* CalculatorViewController.m in Sources */ = {isa = PBXBuildFile; fileRef = E1C82F5C159EAF2200445D31 /* CalculatorViewController.m */; };
		E1C82F65159EC22C00445D31 /* CalculatorBrain.m in Sources */ = {isa = PBXBuildFile; fileRef = E1C82F64159EC22C00445D31 /* CalculatorBrain.m */; };
/* End PBXBuildFile section */

/* Begin PBXFileReference section */
		E18A552315B517E2009B2848 /* AxesDrawer.h */ = {isa = PBXFileReference; lastKnownFileType = sourcecode.c.h; path = AxesDrawer.h; sourceTree = "<group>"; };
		E18A552415B517E2009B2848 /* AxesDrawer.m */ = {isa = PBXFileReference; lastKnownFileType = sourcecode.c.objc; path = AxesDrawer.m; sourceTree = "<group>"; };
		E18A552615B5A490009B2848 /* GraphViewControllerDataSource.h */ = {isa = PBXFileReference; lastKnownFileType = sourcecode.c.h; path = GraphViewControllerDataSource.h; sourceTree = "<group>"; };
		E18A552B15B657A8009B2848 /* GraphView.h */ = {isa = PBXFileReference; fileEncoding = 4; lastKnownFileType = sourcecode.c.h; path = GraphView.h; sourceTree = "<group>"; };
		E18A552C15B657A8009B2848 /* GraphView.m */ = {isa = PBXFileReference; fileEncoding = 4; lastKnownFileType = sourcecode.c.objc; path = GraphView.m; sourceTree = "<group>"; };
		E18A552E15B65EE7009B2848 /* GraphViewDataSource.h */ = {isa = PBXFileReference; lastKnownFileType = sourcecode.c.h; path = GraphViewDataSource.h; sourceTree = "<group>"; };
		E18EE3FB15B13349006201C2 /* GraphViewController.h */ = {isa = PBXFileReference; fileEncoding = 4; lastKnownFileType = sourcecode.c.h; path = GraphViewController.h; sourceTree = "<group>"; };
		E18EE3FC15B13349006201C2 /* GraphViewController.m */ = {isa = PBXFileReference; fileEncoding = 4; lastKnownFileType = sourcecode.c.objc; path = GraphViewController.m; sourceTree = "<group>"; };
		E1C82F42159EAF2200445D31 /* Calculator.app */ = {isa = PBXFileReference; explicitFileType = wrapper.application; includeInIndex = 0; path = Calculator.app; sourceTree = BUILT_PRODUCTS_DIR; };
		E1C82F46159EAF2200445D31 /* UIKit.framework */ = {isa = PBXFileReference; lastKnownFileType = wrapper.framework; name = UIKit.framework; path = System/Library/Frameworks/UIKit.framework; sourceTree = SDKROOT; };
		E1C82F48159EAF2200445D31 /* Foundation.framework */ = {isa = PBXFileReference; lastKnownFileType = wrapper.framework; name = Foundation.framework; path = System/Library/Frameworks/Foundation.framework; sourceTree = SDKROOT; };
		E1C82F4A159EAF2200445D31 /* CoreGraphics.framework */ = {isa = PBXFileReference; lastKnownFileType = wrapper.framework; name = CoreGraphics.framework; path = System/Library/Frameworks/CoreGraphics.framework; sourceTree = SDKROOT; };
		E1C82F4E159EAF2200445D31 /* Calculator-Info.plist */ = {isa = PBXFileReference; lastKnownFileType = text.plist.xml; path = "Calculator-Info.plist"; sourceTree = "<group>"; };
		E1C82F50159EAF2200445D31 /* en */ = {isa = PBXFileReference; lastKnownFileType = text.plist.strings; name = en; path = en.lproj/InfoPlist.strings; sourceTree = "<group>"; };
		E1C82F52159EAF2200445D31 /* main.m */ = {isa = PBXFileReference; lastKnownFileType = sourcecode.c.objc; path = main.m; sourceTree = "<group>"; };
		E1C82F54159EAF2200445D31 /* Calculator-Prefix.pch */ = {isa = PBXFileReference; lastKnownFileType = sourcecode.c.h; path = "Calculator-Prefix.pch"; sourceTree = "<group>"; };
		E1C82F55159EAF2200445D31 /* CalculatorAppDelegate.h */ = {isa = PBXFileReference; lastKnownFileType = sourcecode.c.h; path = CalculatorAppDelegate.h; sourceTree = "<group>"; };
		E1C82F56159EAF2200445D31 /* CalculatorAppDelegate.m */ = {isa = PBXFileReference; lastKnownFileType = sourcecode.c.objc; path = CalculatorAppDelegate.m; sourceTree = "<group>"; };
		E1C82F59159EAF2200445D31 /* en */ = {isa = PBXFileReference; lastKnownFileType = file.storyboard; name = en; path = en.lproj/MainStoryboard.storyboard; sourceTree = "<group>"; };
		E1C82F5B159EAF2200445D31 /* CalculatorViewController.h */ = {isa = PBXFileReference; lastKnownFileType = sourcecode.c.h; path = CalculatorViewController.h; sourceTree = "<group>"; };
		E1C82F5C159EAF2200445D31 /* CalculatorViewController.m */ = {isa = PBXFileReference; lastKnownFileType = sourcecode.c.objc; path = CalculatorViewController.m; sourceTree = "<group>"; };
		E1C82F63159EC22C00445D31 /* CalculatorBrain.h */ = {isa = PBXFileReference; fileEncoding = 4; lastKnownFileType = sourcecode.c.h; path = CalculatorBrain.h; sourceTree = "<group>"; };
		E1C82F64159EC22C00445D31 /* CalculatorBrain.m */ = {isa = PBXFileReference; fileEncoding = 4; lastKnownFileType = sourcecode.c.objc; path = CalculatorBrain.m; sourceTree = "<group>"; };
/* End PBXFileReference section */

/* Begin PBXFrameworksBuildPhase section */
		E1C82F3F159EAF2200445D31 /* Frameworks */ = {
			isa = PBXFrameworksBuildPhase;
			buildActionMask = 2147483647;
			files = (
				E1C82F47159EAF2200445D31 /* UIKit.framework in Frameworks */,
				E1C82F49159EAF2200445D31 /* Foundation.framework in Frameworks */,
				E1C82F4B159EAF2200445D31 /* CoreGraphics.framework in Frameworks */,
			);
			runOnlyForDeploymentPostprocessing = 0;
		};
/* End PBXFrameworksBuildPhase section */

/* Begin PBXGroup section */
		E1C82F37159EAF2200445D31 = {
			isa = PBXGroup;
			children = (
				E1C82F4C159EAF2200445D31 /* Calculator */,
				E1C82F45159EAF2200445D31 /* Frameworks */,
				E1C82F43159EAF2200445D31 /* Products */,
			);
			sourceTree = "<group>";
		};
		E1C82F43159EAF2200445D31 /* Products */ = {
			isa = PBXGroup;
			children = (
				E1C82F42159EAF2200445D31 /* Calculator.app */,
			);
			name = Products;
			sourceTree = "<group>";
		};
		E1C82F45159EAF2200445D31 /* Frameworks */ = {
			isa = PBXGroup;
			children = (
				E1C82F46159EAF2200445D31 /* UIKit.framework */,
				E1C82F48159EAF2200445D31 /* Foundation.framework */,
				E1C82F4A159EAF2200445D31 /* CoreGraphics.framework */,
			);
			name = Frameworks;
			sourceTree = "<group>";
		};
		E1C82F4C159EAF2200445D31 /* Calculator */ = {
			isa = PBXGroup;
			children = (
				E18A552315B517E2009B2848 /* AxesDrawer.h */,
				E18A552415B517E2009B2848 /* AxesDrawer.m */,
				E1C82F63159EC22C00445D31 /* CalculatorBrain.h */,
				E1C82F64159EC22C00445D31 /* CalculatorBrain.m */,
				E1C82F55159EAF2200445D31 /* CalculatorAppDelegate.h */,
				E1C82F56159EAF2200445D31 /* CalculatorAppDelegate.m */,
				E1C82F58159EAF2200445D31 /* MainStoryboard.storyboard */,
				E18A552E15B65EE7009B2848 /* GraphViewDataSource.h */,
				E18EE3FB15B13349006201C2 /* GraphViewController.h */,
				E18EE3FC15B13349006201C2 /* GraphViewController.m */,
				E18A552615B5A490009B2848 /* GraphViewControllerDataSource.h */,
				E1C82F5B159EAF2200445D31 /* CalculatorViewController.h */,
				E18A552B15B657A8009B2848 /* GraphView.h */,
				E18A552C15B657A8009B2848 /* GraphView.m */,
				E1C82F5C159EAF2200445D31 /* CalculatorViewController.m */,
				E1C82F4D159EAF2200445D31 /* Supporting Files */,
			);
			path = Calculator;
			sourceTree = "<group>";
		};
		E1C82F4D159EAF2200445D31 /* Supporting Files */ = {
			isa = PBXGroup;
			children = (
				E1C82F4E159EAF2200445D31 /* Calculator-Info.plist */,
				E1C82F4F159EAF2200445D31 /* InfoPlist.strings */,
				E1C82F52159EAF2200445D31 /* main.m */,
				E1C82F54159EAF2200445D31 /* Calculator-Prefix.pch */,
			);
			name = "Supporting Files";
			sourceTree = "<group>";
		};
/* End PBXGroup section */

/* Begin PBXNativeTarget section */
		E1C82F41159EAF2200445D31 /* Calculator */ = {
			isa = PBXNativeTarget;
			buildConfigurationList = E1C82F60159EAF2200445D31 /* Build configuration list for PBXNativeTarget "Calculator" */;
			buildPhases = (
				E1C82F3E159EAF2200445D31 /* Sources */,
				E1C82F3F159EAF2200445D31 /* Frameworks */,
				E1C82F40159EAF2200445D31 /* Resources */,
			);
			buildRules = (
			);
			dependencies = (
			);
			name = Calculator;
			productName = Calculator;
			productReference = E1C82F42159EAF2200445D31 /* Calculator.app */;
			productType = "com.apple.product-type.application";
		};
/* End PBXNativeTarget section */

/* Begin PBXProject section */
		E1C82F39159EAF2200445D31 /* Project object */ = {
			isa = PBXProject;
			attributes = {
				CLASSPREFIX = Calculator;
				LastUpgradeCheck = 0430;
				ORGANIZATIONNAME = Clearwire;
			};
			buildConfigurationList = E1C82F3C159EAF2200445D31 /* Build configuration list for PBXProject "Calculator" */;
			compatibilityVersion = "Xcode 3.2";
			developmentRegion = English;
			hasScannedForEncodings = 0;
			knownRegions = (
				en,
			);
			mainGroup = E1C82F37159EAF2200445D31;
			productRefGroup = E1C82F43159EAF2200445D31 /* Products */;
			projectDirPath = "";
			projectRoot = "";
			targets = (
				E1C82F41159EAF2200445D31 /* Calculator */,
			);
		};
/* End PBXProject section */

/* Begin PBXResourcesBuildPhase section */
		E1C82F40159EAF2200445D31 /* Resources */ = {
			isa = PBXResourcesBuildPhase;
			buildActionMask = 2147483647;
			files = (
				E1C82F51159EAF2200445D31 /* InfoPlist.strings in Resources */,
				E1C82F5A159EAF2200445D31 /* MainStoryboard.storyboard in Resources */,
			);
			runOnlyForDeploymentPostprocessing = 0;
		};
/* End PBXResourcesBuildPhase section */

/* Begin PBXSourcesBuildPhase section */
		E1C82F3E159EAF2200445D31 /* Sources */ = {
			isa = PBXSourcesBuildPhase;
			buildActionMask = 2147483647;
			files = (
				E18A552F15B6704F009B2848 /* AxesDrawer.m in Sources */,
				E1C82F53159EAF2200445D31 /* main.m in Sources */,
				E1C82F57159EAF2200445D31 /* CalculatorAppDelegate.m in Sources */,
				E1C82F5D159EAF2200445D31 /* CalculatorViewController.m in Sources */,
				E1C82F65159EC22C00445D31 /* CalculatorBrain.m in Sources */,
				E18EE3FD15B1334A006201C2 /* GraphViewController.m in Sources */,
				E18A552D15B657A8009B2848 /* GraphView.m in Sources */,
			);
			runOnlyForDeploymentPostprocessing = 0;
		};
/* End PBXSourcesBuildPhase section */

/* Begin PBXVariantGroup section */
		E1C82F4F159EAF2200445D31 /* InfoPlist.strings */ = {
			isa = PBXVariantGroup;
			children = (
				E1C82F50159EAF2200445D31 /* en */,
			);
			name = InfoPlist.strings;
			sourceTree = "<group>";
		};
		E1C82F58159EAF2200445D31 /* MainStoryboard.storyboard */ = {
			isa = PBXVariantGroup;
			children = (
				E1C82F59159EAF2200445D31 /* en */,
			);
			name = MainStoryboard.storyboard;
			sourceTree = "<group>";
		};
/* End PBXVariantGroup section */

/* Begin XCBuildConfiguration section */
		E1C82F5E159EAF2200445D31 /* Debug */ = {
			isa = XCBuildConfiguration;
			buildSettings = {
				ALWAYS_SEARCH_USER_PATHS = NO;
				ARCHS = "$(ARCHS_STANDARD_32_BIT)";
				CLANG_ENABLE_OBJC_ARC = YES;
				"CODE_SIGN_IDENTITY[sdk=iphoneos*]" = "iPhone Developer";
				COPY_PHASE_STRIP = NO;
				GCC_C_LANGUAGE_STANDARD = gnu99;
				GCC_DYNAMIC_NO_PIC = NO;
				GCC_OPTIMIZATION_LEVEL = 0;
				GCC_PREPROCESSOR_DEFINITIONS = (
					"DEBUG=1",
					"$(inherited)",
				);
				GCC_SYMBOLS_PRIVATE_EXTERN = NO;
				GCC_VERSION = com.apple.compilers.llvm.clang.1_0;
				GCC_WARN_ABOUT_RETURN_TYPE = YES;
				GCC_WARN_UNINITIALIZED_AUTOS = YES;
				GCC_WARN_UNUSED_VARIABLE = YES;
				IPHONEOS_DEPLOYMENT_TARGET = 5.1;
				SDKROOT = iphoneos;
			};
			name = Debug;
		};
		E1C82F5F159EAF2200445D31 /* Release */ = {
			isa = XCBuildConfiguration;
			buildSettings = {
				ALWAYS_SEARCH_USER_PATHS = NO;
				ARCHS = "$(ARCHS_STANDARD_32_BIT)";
				CLANG_ENABLE_OBJC_ARC = YES;
				"CODE_SIGN_IDENTITY[sdk=iphoneos*]" = "iPhone Developer";
				COPY_PHASE_STRIP = YES;
				GCC_C_LANGUAGE_STANDARD = gnu99;
				GCC_VERSION = com.apple.compilers.llvm.clang.1_0;
				GCC_WARN_ABOUT_RETURN_TYPE = YES;
				GCC_WARN_UNINITIALIZED_AUTOS = YES;
				GCC_WARN_UNUSED_VARIABLE = YES;
				IPHONEOS_DEPLOYMENT_TARGET = 5.1;
				OTHER_CFLAGS = "-DNS_BLOCK_ASSERTIONS=1";
				SDKROOT = iphoneos;
				VALIDATE_PRODUCT = YES;
			};
			name = Release;
		};
		E1C82F61159EAF2200445D31 /* Debug */ = {
			isa = XCBuildConfiguration;
			buildSettings = {
				GCC_PRECOMPILE_PREFIX_HEADER = YES;
				GCC_PREFIX_HEADER = "Calculator/Calculator-Prefix.pch";
				INFOPLIST_FILE = "Calculator/Calculator-Info.plist";
				IPHONEOS_DEPLOYMENT_TARGET = 5.1;
				PRODUCT_NAME = "$(TARGET_NAME)";
				TARGETED_DEVICE_FAMILY = 1;
				WRAPPER_EXTENSION = app;
			};
			name = Debug;
		};
		E1C82F62159EAF2200445D31 /* Release */ = {
			isa = XCBuildConfiguration;
			buildSettings = {
				GCC_PRECOMPILE_PREFIX_HEADER = YES;
				GCC_PREFIX_HEADER = "Calculator/Calculator-Prefix.pch";
				INFOPLIST_FILE = "Calculator/Calculator-Info.plist";
				IPHONEOS_DEPLOYMENT_TARGET = 5.1;
				PRODUCT_NAME = "$(TARGET_NAME)";
				TARGETED_DEVICE_FAMILY = 1;
				WRAPPER_EXTENSION = app;
			};
			name = Release;
		};
/* End XCBuildConfiguration section */

/* Begin XCConfigurationList section */
		E1C82F3C159EAF2200445D31 /* Build configuration list for PBXProject "Calculator" */ = {
			isa = XCConfigurationList;
			buildConfigurations = (
				E1C82F5E159EAF2200445D31 /* Debug */,
				E1C82F5F159EAF2200445D31 /* Release */,
			);
			defaultConfigurationIsVisible = 0;
			defaultConfigurationName = Release;
		};
		E1C82F60159EAF2200445D31 /* Build configuration list for PBXNativeTarget "Calculator" */ = {
			isa = XCConfigurationList;
			buildConfigurations = (
				E1C82F61159EAF2200445D31 /* Debug */,
				E1C82F62159EAF2200445D31 /* Release */,
			);
			defaultConfigurationIsVisible = 0;
			defaultConfigurationName = Release;
		};
/* End XCConfigurationList section */
	};
	rootObject = E1C82F39159EAF2200445D31 /* Project object */;
}
